
Microsoft Visual Studio Solution File, Format Version 12.00
# Visual Studio 2017
Project("{FAE04EC0-301F-11D3-BF4B-00C04F79EFBC}") = "babyclient", "babyclient.csproj", "{A5B3DA28-E754-F66D-CA12-6C0E5EFDE1EF}"
EndProject
Project("{FAE04EC0-301F-11D3-BF4B-00C04F79EFBC}") = "babyclient.Plugins", "babyclient.Plugins.csproj", "{0B84BC26-5E07-17B1-D89F-AF85C45C13EF}"
EndProject
Project("{FAE04EC0-301F-11D3-BF4B-00C04F79EFBC}") = "babyclient.Editor", "babyclient.Editor.csproj", "{887A4D86-4595-F367-6DA0-1AEDFC7FF828}"
EndProject
Global
	GlobalSection(SolutionConfigurationPlatforms) = preSolution
		Debug|Any CPU = Debug|Any CPU
		Release|Any CPU = Release|Any CPU
	EndGlobalSection
	GlobalSection(ProjectConfigurationPlatforms) = postSolution
		{A5B3DA28-E754-F66D-CA12-6C0E5EFDE1EF}.Debug|Any CPU.ActiveCfg = Debug|Any CPU
		{A5B3DA28-E754-F66D-CA12-6C0E5EFDE1EF}.Debug|Any CPU.Build.0 = Debug|Any CPU
		{A5B3DA28-E754-F66D-CA12-6C0E5EFDE1EF}.Release|Any CPU.ActiveCfg = Release|Any CPU
		{A5B3DA28-E754-F66D-CA12-6C0E5EFDE1EF}.Release|Any CPU.Build.0 = Release|Any CPU
		{0B84BC26-5E07-17B1-D89F-AF85C45C13EF}.Debug|Any CPU.ActiveCfg = Debug|Any CPU
		{0B84BC26-5E07-17B1-D89F-AF85C45C13EF}.Debug|Any CPU.Build.0 = Debug|Any CPU
		{0B84BC26-5E07-17B1-D89F-AF85C45C13EF}.Release|Any CPU.ActiveCfg = Release|Any CPU
		{0B84BC26-5E07-17B1-D89F-AF85C45C13EF}.Release|Any CPU.Build.0 = Release|Any CPU
		{887A4D86-4595-F367-6DA0-1AEDFC7FF828}.Debug|Any CPU.ActiveCfg = Debug|Any CPU
		{887A4D86-4595-F367-6DA0-1AEDFC7FF828}.Debug|Any CPU.Build.0 = Debug|Any CPU
		{887A4D86-4595-F367-6DA0-1AEDFC7FF828}.Release|Any CPU.ActiveCfg = Release|Any CPU
		{887A4D86-4595-F367-6DA0-1AEDFC7FF828}.Release|Any CPU.Build.0 = Release|Any CPU
	EndGlobalSection
	GlobalSection(SolutionProperties) = preSolution
		HideSolutionNode = FALSE
	EndGlobalSection
EndGlobal
